// !$*UTF8*$!
{
	archiveVersion = 1;
	classes = {
	};
	objectVersion = 46;
	objects = {

/* Begin PBXBuildFile section */
		37228E271D46E065003DB541 /* AppDelegate.swift in Sources */ = {isa = PBXBuildFile; fileRef = 37228E261D46E065003DB541 /* AppDelegate.swift */; };
		37228E291D46E065003DB541 /* ViewController.swift in Sources */ = {isa = PBXBuildFile; fileRef = 37228E281D46E065003DB541 /* ViewController.swift */; };
		37228E2C1D46E065003DB541 /* Main.storyboard in Resources */ = {isa = PBXBuildFile; fileRef = 37228E2A1D46E065003DB541 /* Main.storyboard */; };
		37228E2E1D46E065003DB541 /* Assets.xcassets in Resources */ = {isa = PBXBuildFile; fileRef = 37228E2D1D46E065003DB541 /* Assets.xcassets */; };
		37228E311D46E065003DB541 /* LaunchScreen.storyboard in Resources */ = {isa = PBXBuildFile; fileRef = 37228E2F1D46E065003DB541 /* LaunchScreen.storyboard */; };
		37228E3C1D46E065003DB541 /* AliensTests.swift in Sources */ = {isa = PBXBuildFile; fileRef = 37228E3B1D46E065003DB541 /* AliensTests.swift */; };
		37228E471D46E065003DB541 /* AliensUITests.swift in Sources */ = {isa = PBXBuildFile; fileRef = 37228E461D46E065003DB541 /* AliensUITests.swift */; };
/* End PBXBuildFile section */

/* Begin PBXContainerItemProxy section */
		37228E381D46E065003DB541 /* PBXContainerItemProxy */ = {
			isa = PBXContainerItemProxy;
			containerPortal = 37228E1B1D46E065003DB541 /* Project object */;
			proxyType = 1;
			remoteGlobalIDString = 37228E221D46E065003DB541;
			remoteInfo = Aliens;
		};
		37228E431D46E065003DB541 /* PBXContainerItemProxy */ = {
			isa = PBXContainerItemProxy;
			containerPortal = 37228E1B1D46E065003DB541 /* Project object */;
			proxyType = 1;
			remoteGlobalIDString = 37228E221D46E065003DB541;
			remoteInfo = Aliens;
		};
/* End PBXContainerItemProxy section */

/* Begin PBXFileReference section */
		37228E231D46E065003DB541 /* Aliens.app */ = {isa = PBXFileReference; explicitFileType = wrapper.application; includeInIndex = 0; path = Aliens.app; sourceTree = BUILT_PRODUCTS_DIR; };
		37228E261D46E065003DB541 /* AppDelegate.swift */ = {isa = PBXFileReference; lastKnownFileType = sourcecode.swift; path = AppDelegate.swift; sourceTree = "<group>"; };
		37228E281D46E065003DB541 /* ViewController.swift */ = {isa = PBXFileReference; lastKnownFileType = sourcecode.swift; path = ViewController.swift; sourceTree = "<group>"; };
		37228E2B1D46E065003DB541 /* Base */ = {isa = PBXFileReference; lastKnownFileType = file.storyboard; name = Base; path = Base.lproj/Main.storyboard; sourceTree = "<group>"; };
		37228E2D1D46E065003DB541 /* Assets.xcassets */ = {isa = PBXFileReference; lastKnownFileType = folder.assetcatalog; path = Assets.xcassets; sourceTree = "<group>"; };
		37228E301D46E065003DB541 /* Base */ = {isa = PBXFileReference; lastKnownFileType = file.storyboard; name = Base; path = Base.lproj/LaunchScreen.storyboard; sourceTree = "<group>"; };
		37228E321D46E065003DB541 /* Info.plist */ = {isa = PBXFileReference; lastKnownFileType = text.plist.xml; path = Info.plist; sourceTree = "<group>"; };
		37228E371D46E065003DB541 /* AliensTests.xctest */ = {isa = PBXFileReference; explicitFileType = wrapper.cfbundle; includeInIndex = 0; path = AliensTests.xctest; sourceTree = BUILT_PRODUCTS_DIR; };
		37228E3B1D46E065003DB541 /* AliensTests.swift */ = {isa = PBXFileReference; lastKnownFileType = sourcecode.swift; path = AliensTests.swift; sourceTree = "<group>"; };
		37228E3D1D46E065003DB541 /* Info.plist */ = {isa = PBXFileReference; lastKnownFileType = text.plist.xml; path = Info.plist; sourceTree = "<group>"; };
		37228E421D46E065003DB541 /* AliensUITests.xctest */ = {isa = PBXFileReference; explicitFileType = wrapper.cfbundle; includeInIndex = 0; path = AliensUITests.xctest; sourceTree = BUILT_PRODUCTS_DIR; };
		37228E461D46E065003DB541 /* AliensUITests.swift */ = {isa = PBXFileReference; lastKnownFileType = sourcecode.swift; path = AliensUITests.swift; sourceTree = "<group>"; };
		37228E481D46E065003DB541 /* Info.plist */ = {isa = PBXFileReference; lastKnownFileType = text.plist.xml; path = Info.plist; sourceTree = "<group>"; };
/* End PBXFileReference section */

/* Begin PBXFrameworksBuildPhase section */
		37228E201D46E065003DB541 /* Frameworks */ = {
			isa = PBXFrameworksBuildPhase;
			buildActionMask = 2147483647;
			files = (
			);
			runOnlyForDeploymentPostprocessing = 0;
		};
		37228E341D46E065003DB541 /* Frameworks */ = {
			isa = PBXFrameworksBuildPhase;
			buildActionMask = 2147483647;
			files = (
			);
			runOnlyForDeploymentPostprocessing = 0;
		};
		37228E3F1D46E065003DB541 /* Frameworks */ = {
			isa = PBXFrameworksBuildPhase;
			buildActionMask = 2147483647;
			files = (
			);
			runOnlyForDeploymentPostprocessing = 0;
		};
/* End PBXFrameworksBuildPhase section */

/* Begin PBXGroup section */
		37228E1A1D46E065003DB541 = {
			isa = PBXGroup;
			children = (
				37228E251D46E065003DB541 /* Aliens */,
				37228E3A1D46E065003DB541 /* AliensTests */,
				37228E451D46E065003DB541 /* AliensUITests */,
				37228E241D46E065003DB541 /* Products */,
			);
			sourceTree = "<group>";
		};
		37228E241D46E065003DB541 /* Products */ = {
			isa = PBXGroup;
			children = (
				37228E231D46E065003DB541 /* Aliens.app */,
				37228E371D46E065003DB541 /* AliensTests.xctest */,
				37228E421D46E065003DB541 /* AliensUITests.xctest */,
			);
			name = Products;
			sourceTree = "<group>";
		};
		37228E251D46E065003DB541 /* Aliens */ = {
			isa = PBXGroup;
			children = (
				37228E261D46E065003DB541 /* AppDelegate.swift */,
				37228E281D46E065003DB541 /* ViewController.swift */,
				37228E2A1D46E065003DB541 /* Main.storyboard */,
				37228E2D1D46E065003DB541 /* Assets.xcassets */,
				37228E2F1D46E065003DB541 /* LaunchScreen.storyboard */,
				37228E321D46E065003DB541 /* Info.plist */,
			);
			path = Aliens;
			sourceTree = "<group>";
		};
		37228E3A1D46E065003DB541 /* AliensTests */ = {
			isa = PBXGroup;
			children = (
				37228E3B1D46E065003DB541 /* AliensTests.swift */,
				37228E3D1D46E065003DB541 /* Info.plist */,
			);
			path = AliensTests;
			sourceTree = "<group>";
		};
		37228E451D46E065003DB541 /* AliensUITests */ = {
			isa = PBXGroup;
			children = (
				37228E461D46E065003DB541 /* AliensUITests.swift */,
				37228E481D46E065003DB541 /* Info.plist */,
			);
			path = AliensUITests;
			sourceTree = "<group>";
		};
/* End PBXGroup section */

/* Begin PBXNativeTarget section */
		37228E221D46E065003DB541 /* Aliens */ = {
			isa = PBXNativeTarget;
			buildConfigurationList = 37228E4B1D46E065003DB541 /* Build configuration list for PBXNativeTarget "Aliens" */;
			buildPhases = (
				37228E1F1D46E065003DB541 /* Sources */,
				37228E201D46E065003DB541 /* Frameworks */,
				37228E211D46E065003DB541 /* Resources */,
			);
			buildRules = (
			);
			dependencies = (
			);
			name = Aliens;
			productName = Aliens;
			productReference = 37228E231D46E065003DB541 /* Aliens.app */;
			productType = "com.apple.product-type.application";
		};
		37228E361D46E065003DB541 /* AliensTests */ = {
			isa = PBXNativeTarget;
			buildConfigurationList = 37228E4E1D46E065003DB541 /* Build configuration list for PBXNativeTarget "AliensTests" */;
			buildPhases = (
				37228E331D46E065003DB541 /* Sources */,
				37228E341D46E065003DB541 /* Frameworks */,
				37228E351D46E065003DB541 /* Resources */,
			);
			buildRules = (
			);
			dependencies = (
				37228E391D46E065003DB541 /* PBXTargetDependency */,
			);
			name = AliensTests;
			productName = AliensTests;
			productReference = 37228E371D46E065003DB541 /* AliensTests.xctest */;
			productType = "com.apple.product-type.bundle.unit-test";
		};
		37228E411D46E065003DB541 /* AliensUITests */ = {
			isa = PBXNativeTarget;
			buildConfigurationList = 37228E511D46E065003DB541 /* Build configuration list for PBXNativeTarget "AliensUITests" */;
			buildPhases = (
				37228E3E1D46E065003DB541 /* Sources */,
				37228E3F1D46E065003DB541 /* Frameworks */,
				37228E401D46E065003DB541 /* Resources */,
			);
			buildRules = (
			);
			dependencies = (
				37228E441D46E065003DB541 /* PBXTargetDependency */,
			);
			name = AliensUITests;
			productName = AliensUITests;
			productReference = 37228E421D46E065003DB541 /* AliensUITests.xctest */;
			productType = "com.apple.product-type.bundle.ui-testing";
		};
/* End PBXNativeTarget section */

/* Begin PBXProject section */
		37228E1B1D46E065003DB541 /* Project object */ = {
			isa = PBXProject;
			attributes = {
				LastSwiftUpdateCheck = 0730;
				LastUpgradeCheck = 0730;
				ORGANIZATIONNAME = "Angel Torres";
				TargetAttributes = {
					37228E221D46E065003DB541 = {
						CreatedOnToolsVersion = 7.3.1;
					};
					37228E361D46E065003DB541 = {
						CreatedOnToolsVersion = 7.3.1;
						TestTargetID = 37228E221D46E065003DB541;
					};
					37228E411D46E065003DB541 = {
						CreatedOnToolsVersion = 7.3.1;
						TestTargetID = 37228E221D46E065003DB541;
					};
				};
			};
			buildConfigurationList = 37228E1E1D46E065003DB541 /* Build configuration list for PBXProject "Aliens" */;
			compatibilityVersion = "Xcode 3.2";
			developmentRegion = English;
			hasScannedForEncodings = 0;
			knownRegions = (
				en,
				Base,
			);
			mainGroup = 37228E1A1D46E065003DB541;
			productRefGroup = 37228E241D46E065003DB541 /* Products */;
			projectDirPath = "";
			projectRoot = "";
			targets = (
				37228E221D46E065003DB541 /* Aliens */,
				37228E361D46E065003DB541 /* AliensTests */,
				37228E411D46E065003DB541 /* AliensUITests */,
			);
		};
/* End PBXProject section */

/* Begin PBXResourcesBuildPhase section */
		37228E211D46E065003DB541 /* Resources */ = {
			isa = PBXResourcesBuildPhase;
			buildActionMask = 2147483647;
			files = (
				37228E311D46E065003DB541 /* LaunchScreen.storyboard in Resources */,
				37228E2E1D46E065003DB541 /* Assets.xcassets in Resources */,
				37228E2C1D46E065003DB541 /* Main.storyboard in Resources */,
			);
			runOnlyForDeploymentPostprocessing = 0;
		};
		37228E351D46E065003DB541 /* Resources */ = {
			isa = PBXResourcesBuildPhase;
			buildActionMask = 2147483647;
			files = (
			);
			runOnlyForDeploymentPostprocessing = 0;
		};
		37228E401D46E065003DB541 /* Resources */ = {
			isa = PBXResourcesBuildPhase;
			buildActionMask = 2147483647;
			files = (
			);
			runOnlyForDeploymentPostprocessing = 0;
		};
/* End PBXResourcesBuildPhase section */

/* Begin PBXSourcesBuildPhase section */
		37228E1F1D46E065003DB541 /* Sources */ = {
			isa = PBXSourcesBuildPhase;
			buildActionMask = 2147483647;
			files = (
				37228E291D46E065003DB541 /* ViewController.swift in Sources */,
				37228E271D46E065003DB541 /* AppDelegate.swift in Sources */,
			);
			runOnlyForDeploymentPostprocessing = 0;
		};
		37228E331D46E065003DB541 /* Sources */ = {
			isa = PBXSourcesBuildPhase;
			buildActionMask = 2147483647;
			files = (
				37228E3C1D46E065003DB541 /* AliensTests.swift in Sources */,
			);
			runOnlyForDeploymentPostprocessing = 0;
		};
		37228E3E1D46E065003DB541 /* Sources */ = {
			isa = PBXSourcesBuildPhase;
			buildActionMask = 2147483647;
			files = (
				37228E471D46E065003DB541 /* AliensUITests.swift in Sources */,
			);
			runOnlyForDeploymentPostprocessing = 0;
		};
/* End PBXSourcesBuildPhase section */

/* Begin PBXTargetDependency section */
		37228E391D46E065003DB541 /* PBXTargetDependency */ = {
			isa = PBXTargetDependency;
			target = 37228E221D46E065003DB541 /* Aliens */;
			targetProxy = 37228E381D46E065003DB541 /* PBXContainerItemProxy */;
		};
		37228E441D46E065003DB541 /* PBXTargetDependency */ = {
			isa = PBXTargetDependency;
			target = 37228E221D46E065003DB541 /* Aliens */;
			targetProxy = 37228E431D46E065003DB541 /* PBXContainerItemProxy */;
		};
/* End PBXTargetDependency section */

/* Begin PBXVariantGroup section */
		37228E2A1D46E065003DB541 /* Main.storyboard */ = {
			isa = PBXVariantGroup;
			children = (
				37228E2B1D46E065003DB541 /* Base */,
			);
			name = Main.storyboard;
			sourceTree = "<group>";
		};
		37228E2F1D46E065003DB541 /* LaunchScreen.storyboard */ = {
			isa = PBXVariantGroup;
			children = (
				37228E301D46E065003DB541 /* Base */,
			);
			name = LaunchScreen.storyboard;
			sourceTree = "<group>";
		};
/* End PBXVariantGroup section */

/* Begin XCBuildConfiguration section */
		37228E491D46E065003DB541 /* Debug */ = {
			isa = XCBuildConfiguration;
			buildSettings = {
				ALWAYS_SEARCH_USER_PATHS = NO;
				CLANG_ANALYZER_NONNULL = YES;
				CLANG_CXX_LANGUAGE_STANDARD = "gnu++0x";
				CLANG_CXX_LIBRARY = "libc++";
				CLANG_ENABLE_MODULES = YES;
				CLANG_ENABLE_OBJC_ARC = YES;
				CLANG_WARN_BOOL_CONVERSION = YES;
				CLANG_WARN_CONSTANT_CONVERSION = YES;
				CLANG_WARN_DIRECT_OBJC_ISA_USAGE = YES_ERROR;
				CLANG_WARN_EMPTY_BODY = YES;
				CLANG_WARN_ENUM_CONVERSION = YES;
				CLANG_WARN_INT_CONVERSION = YES;
				CLANG_WARN_OBJC_ROOT_CLASS = YES_ERROR;
				CLANG_WARN_UNREACHABLE_CODE = YES;
				CLANG_WARN__DUPLICATE_METHOD_MATCH = YES;
				"CODE_SIGN_IDENTITY[sdk=iphoneos*]" = "iPhone Developer";
				COPY_PHASE_STRIP = NO;
				DEBUG_INFORMATION_FORMAT = dwarf;
				ENABLE_STRICT_OBJC_MSGSEND = YES;
				ENABLE_TESTABILITY = YES;
				GCC_C_LANGUAGE_STANDARD = gnu99;
				GCC_DYNAMIC_NO_PIC = NO;
				GCC_NO_COMMON_BLOCKS = YES;
				GCC_OPTIMIZATION_LEVEL = 0;
				GCC_PREPROCESSOR_DEFINITIONS = (
					"DEBUG=1",
					"$(inherited)",
				);
				GCC_WARN_64_TO_32_BIT_CONVERSION = YES;
				GCC_WARN_ABOUT_RETURN_TYPE = YES_ERROR;
				GCC_WARN_UNDECLARED_SELECTOR = YES;
				GCC_WARN_UNINITIALIZED_AUTOS = YES_AGGRESSIVE;
				GCC_WARN_UNUSED_FUNCTION = YES;
				GCC_WARN_UNUSED_VARIABLE = YES;
				IPHONEOS_DEPLOYMENT_TARGET = 9.3;
				MTL_ENABLE_DEBUG_INFO = YES;
				ONLY_ACTIVE_ARCH = YES;
				SDKROOT = iphoneos;
				SWIFT_OPTIMIZATION_LEVEL = "-Onone";
			};
			name = Debug;
		};
		37228E4A1D46E065003DB541 /* Release */ = {
			isa = XCBuildConfiguration;
			buildSettings = {
				ALWAYS_SEARCH_USER_PATHS = NO;
				CLANG_ANALYZER_NONNULL = YES;
				CLANG_CXX_LANGUAGE_STANDARD = "gnu++0x";
				CLANG_CXX_LIBRARY = "libc++";
				CLANG_ENABLE_MODULES = YES;
				CLANG_ENABLE_OBJC_ARC = YES;
				CLANG_WARN_BOOL_CONVERSION = YES;
				CLANG_WARN_CONSTANT_CONVERSION = YES;
				CLANG_WARN_DIRECT_OBJC_ISA_USAGE = YES_ERROR;
				CLANG_WARN_EMPTY_BODY = YES;
				CLANG_WARN_ENUM_CONVERSION = YES;
				CLANG_WARN_INT_CONVERSION = YES;
				CLANG_WARN_OBJC_ROOT_CLASS = YES_ERROR;
				CLANG_WARN_UNREACHABLE_CODE = YES;
				CLANG_WARN__DUPLICATE_METHOD_MATCH = YES;
				"CODE_SIGN_IDENTITY[sdk=iphoneos*]" = "iPhone Developer";
				COPY_PHASE_STRIP = NO;
				DEBUG_INFORMATION_FORMAT = "dwarf-with-dsym";
				ENABLE_NS_ASSERTIONS = NO;
				ENABLE_STRICT_OBJC_MSGSEND = YES;
				GCC_C_LANGUAGE_STANDARD = gnu99;
				GCC_NO_COMMON_BLOCKS = YES;
				GCC_WARN_64_TO_32_BIT_CONVERSION = YES;
				GCC_WARN_ABOUT_RETURN_TYPE = YES_ERROR;
				GCC_WARN_UNDECLARED_SELECTOR = YES;
				GCC_WARN_UNINITIALIZED_AUTOS = YES_AGGRESSIVE;
				GCC_WARN_UNUSED_FUNCTION = YES;
				GCC_WARN_UNUSED_VARIABLE = YES;
				IPHONEOS_DEPLOYMENT_TARGET = 9.3;
				MTL_ENABLE_DEBUG_INFO = NO;
				SDKROOT = iphoneos;
				VALIDATE_PRODUCT = YES;
			};
			name = Release;
		};
		37228E4C1D46E065003DB541 /* Debug */ = {
			isa = XCBuildConfiguration;
			buildSettings = {
				ASSETCATALOG_COMPILER_APPICON_NAME = AppIcon;
				INFOPLIST_FILE = Aliens/Info.plist;
				LD_RUNPATH_SEARCH_PATHS = "$(inherited) @executable_path/Frameworks";
				PRODUCT_BUNDLE_IDENTIFIER = co.angeltorres.Aliens;
				PRODUCT_NAME = "$(TARGET_NAME)";
			};
			name = Debug;
		};
		37228E4D1D46E065003DB541 /* Release */ = {
			isa = XCBuildConfiguration;
			buildSettings = {
				ASSETCATALOG_COMPILER_APPICON_NAME = AppIcon;
				INFOPLIST_FILE = Aliens/Info.plist;
				LD_RUNPATH_SEARCH_PATHS = "$(inherited) @executable_path/Frameworks";
				PRODUCT_BUNDLE_IDENTIFIER = co.angeltorres.Aliens;
				PRODUCT_NAME = "$(TARGET_NAME)";
			};
			name = Release;
		};
		37228E4F1D46E065003DB541 /* Debug */ = {
			isa = XCBuildConfiguration;
			buildSettings = {
				BUNDLE_LOADER = "$(TEST_HOST)";
				INFOPLIST_FILE = AliensTests/Info.plist;
				LD_RUNPATH_SEARCH_PATHS = "$(inherited) @executable_path/Frameworks @loader_path/Frameworks";
				PRODUCT_BUNDLE_IDENTIFIER = co.angeltorres.AliensTests;
				PRODUCT_NAME = "$(TARGET_NAME)";
				TEST_HOST = "$(BUILT_PRODUCTS_DIR)/Aliens.app/Aliens";
			};
			name = Debug;
		};
		37228E501D46E065003DB541 /* Release */ = {
			isa = XCBuildConfiguration;
			buildSettings = {
				BUNDLE_LOADER = "$(TEST_HOST)";
				INFOPLIST_FILE = AliensTests/Info.plist;
				LD_RUNPATH_SEARCH_PATHS = "$(inherited) @executable_path/Frameworks @loader_path/Frameworks";
				PRODUCT_BUNDLE_IDENTIFIER = co.angeltorres.AliensTests;
				PRODUCT_NAME = "$(TARGET_NAME)";
				TEST_HOST = "$(BUILT_PRODUCTS_DIR)/Aliens.app/Aliens";
			};
			name = Release;
		};
		37228E521D46E065003DB541 /* Debug */ = {
			isa = XCBuildConfiguration;
			buildSettings = {
				INFOPLIST_FILE = AliensUITests/Info.plist;
				LD_RUNPATH_SEARCH_PATHS = "$(inherited) @executable_path/Frameworks @loader_path/Frameworks";
				PRODUCT_BUNDLE_IDENTIFIER = co.angeltorres.AliensUITests;
				PRODUCT_NAME = "$(TARGET_NAME)";
				TEST_TARGET_NAME = Aliens;
			};
			name = Debug;
		};
		37228E531D46E065003DB541 /* Release */ = {
			isa = XCBuildConfiguration;
			buildSettings = {
				INFOPLIST_FILE = AliensUITests/Info.plist;
				LD_RUNPATH_SEARCH_PATHS = "$(inherited) @executable_path/Frameworks @loader_path/Frameworks";
				PRODUCT_BUNDLE_IDENTIFIER = co.angeltorres.AliensUITests;
				PRODUCT_NAME = "$(TARGET_NAME)";
				TEST_TARGET_NAME = Aliens;
			};
			name = Release;
		};
/* End XCBuildConfiguration section */

/* Begin XCConfigurationList section */
		37228E1E1D46E065003DB541 /* Build configuration list for PBXProject "Aliens" */ = {
			isa = XCConfigurationList;
			buildConfigurations = (
				37228E491D46E065003DB541 /* Debug */,
				37228E4A1D46E065003DB541 /* Release */,
			);
			defaultConfigurationIsVisible = 0;
			defaultConfigurationName = Release;
		};
		37228E4B1D46E065003DB541 /* Build configuration list for PBXNativeTarget "Aliens" */ = {
			isa = XCConfigurationList;
			buildConfigurations = (
				37228E4C1D46E065003DB541 /* Debug */,
				37228E4D1D46E065003DB541 /* Release */,
			);
			defaultConfigurationIsVisible = 0;
		};
		37228E4E1D46E065003DB541 /* Build configuration list for PBXNativeTarget "AliensTests" */ = {
			isa = XCConfigurationList;
			buildConfigurations = (
				37228E4F1D46E065003DB541 /* Debug */,
				37228E501D46E065003DB541 /* Release */,
			);
			defaultConfigurationIsVisible = 0;
		};
		37228E511D46E065003DB541 /* Build configuration list for PBXNativeTarget "AliensUITests" */ = {
			isa = XCConfigurationList;
			buildConfigurations = (
				37228E521D46E065003DB541 /* Debug */,
				37228E531D46E065003DB541 /* Release */,
			);
			defaultConfigurationIsVisible = 0;
		};
/* End XCConfigurationList section */
	};
	rootObject = 37228E1B1D46E065003DB541 /* Project object */;
}
